
Microsoft Visual Studio Solution File, Format Version 12.00
# Visual Studio 15
VisualStudioVersion = 15.0.26403.7
MinimumVisualStudioVersion = 10.0.40219.1
Project("{8BC9CEB8-8B4A-11D0-8D11-00A0C91BC942}") = "Vjezba10", "Vjezba10\Vjezba10.vcxproj", "{33BBDC92-35C2-49EC-B626-88F2E3D8A012}"
EndProject
Project("{8BC9CEB8-8B4A-11D0-8D11-00A0C91BC942}") = "Zad1", "Zad1\Zad1.vcxproj", "{79AFB9E3-CC85-4486-9A4E-9E68D113DF82}"
EndProject
Global
	GlobalSection(SolutionConfigurationPlatforms) = preSolution
		Debug|x64 = Debug|x64
		Debug|x86 = Debug|x86
		Release|x64 = Release|x64
		Release|x86 = Release|x86
	EndGlobalSection
	GlobalSection(ProjectConfigurationPlatforms) = postSolution
		{33BBDC92-35C2-49EC-B626-88F2E3D8A012}.Debug|x64.ActiveCfg = Debug|x64
		{33BBDC92-35C2-49EC-B626-88F2E3D8A012}.Debug|x64.Build.0 = Debug|x64
		{33BBDC92-35C2-49EC-B626-88F2E3D8A012}.Debug|x86.ActiveCfg = Debug|Win32
		{33BBDC92-35C2-49EC-B626-88F2E3D8A012}.Debug|x86.Build.0 = Debug|Win32
		{33BBDC92-35C2-49EC-B626-88F2E3D8A012}.Release|x64.ActiveCfg = Release|x64
		{33BBDC92-35C2-49EC-B626-88F2E3D8A012}.Release|x64.Build.0 = Release|x64
		{33BBDC92-35C2-49EC-B626-88F2E3D8A012}.Release|x86.ActiveCfg = Release|Win32
		{33BBDC92-35C2-49EC-B626-88F2E3D8A012}.Release|x86.Build.0 = Release|Win32
		{79AFB9E3-CC85-4486-9A4E-9E68D113DF82}.Debug|x64.ActiveCfg = Debug|x64
		{79AFB9E3-CC85-4486-9A4E-9E68D113DF82}.Debug|x64.Build.0 = Debug|x64
		{79AFB9E3-CC85-4486-9A4E-9E68D113DF82}.Debug|x86.ActiveCfg = Debug|Win32
		{79AFB9E3-CC85-4486-9A4E-9E68D113DF82}.Debug|x86.Build.0 = Debug|Win32
		{79AFB9E3-CC85-4486-9A4E-9E68D113DF82}.Release|x64.ActiveCfg = Release|x64
		{79AFB9E3-CC85-4486-9A4E-9E68D113DF82}.Release|x64.Build.0 = Release|x64
		{79AFB9E3-CC85-4486-9A4E-9E68D113DF82}.Release|x86.ActiveCfg = Release|Win32
		{79AFB9E3-CC85-4486-9A4E-9E68D113DF82}.Release|x86.Build.0 = Release|Win32
	EndGlobalSection
	GlobalSection(SolutionProperties) = preSolution
		HideSolutionNode = FALSE
	EndGlobalSection
EndGlobal
